
Microsoft Visual Studio Solution File, Format Version 11.00
# Visual Studio 2010
Project("{FAE04EC0-301F-11D3-BF4B-00C04F79EFBC}") = "Assembly-CSharp", "Assembly-CSharp.csproj", "{00D693B2-EBDC-9F16-3CA1-FC50E0F4D4F3}"
EndProject
Project("{FAE04EC0-301F-11D3-BF4B-00C04F79EFBC}") = "Assembly-CSharp-Editor", "Assembly-CSharp-Editor.csproj", "{BD6ADF8A-AC93-F0AF-DF64-D45F0F77D22C}"
EndProject
Global
	GlobalSection(SolutionConfigurationPlatforms) = preSolution
		Debug|Any CPU = Debug|Any CPU
		Release|Any CPU = Release|Any CPU
	EndGlobalSection
	GlobalSection(ProjectConfigurationPlatforms) = postSolution
		{00D693B2-EBDC-9F16-3CA1-FC50E0F4D4F3}.Debug|Any CPU.ActiveCfg = Debug|Any CPU
		{00D693B2-EBDC-9F16-3CA1-FC50E0F4D4F3}.Debug|Any CPU.Build.0 = Debug|Any CPU
		{00D693B2-EBDC-9F16-3CA1-FC50E0F4D4F3}.Release|Any CPU.ActiveCfg = Release|Any CPU
		{00D693B2-EBDC-9F16-3CA1-FC50E0F4D4F3}.Release|Any CPU.Build.0 = Release|Any CPU
		{BD6ADF8A-AC93-F0AF-DF64-D45F0F77D22C}.Debug|Any CPU.ActiveCfg = Debug|Any CPU
		{BD6ADF8A-AC93-F0AF-DF64-D45F0F77D22C}.Debug|Any CPU.Build.0 = Debug|Any CPU
		{BD6ADF8A-AC93-F0AF-DF64-D45F0F77D22C}.Release|Any CPU.ActiveCfg = Release|Any CPU
		{BD6ADF8A-AC93-F0AF-DF64-D45F0F77D22C}.Release|Any CPU.Build.0 = Release|Any CPU
	EndGlobalSection
	GlobalSection(SolutionProperties) = preSolution
		HideSolutionNode = FALSE
	EndGlobalSection
	GlobalSection(MonoDevelopProperties) = preSolution
		StartupItem = Assembly-CSharp.csproj
	EndGlobalSection
EndGlobal
